{
  "lockfile_version": "1",
  "packages": {
    "nodePackages.gatsby-cli@latest": {
      "last_modified": "2024-09-23T10:58:17Z",
      "resolved": "github:NixOS/nixpkgs/568bfef547c14ca438c56a0bece08b8bb2b71a9c#nodePackages.gatsby-cli",
      "source": "devbox-search",
      "version": "5.13.3",
      "systems": {
        "aarch64-darwin": {
          "outputs": [
            {
              "name": "out",
              "path": "/nix/store/7ssgsxlvq8b5b44b3hr241n867x6q0cb-gatsby-cli-5.13.3",
              "default": true
            }
          ],
          "store_path": "/nix/store/7ssgsxlvq8b5b44b3hr241n867x6q0cb-gatsby-cli-5.13.3"
        },
        "aarch64-linux": {
          "outputs": [
            {
              "name": "out",
              "path": "/nix/store/gy92sgc1fy6gw3zvz4ybpvs405bp0xmq-gatsby-cli-5.13.3",
              "default": true
            }
          ],
          "store_path": "/nix/store/gy92sgc1fy6gw3zvz4ybpvs405bp0xmq-gatsby-cli-5.13.3"
        },
        "x86_64-darwin": {
          "outputs": [
            {
              "name": "out",
              "path": "/nix/store/bn0x7zcsmr2p4ykwb5iz1bhmxkal0fr0-gatsby-cli-5.13.3",
              "default": true
            }
          ],
          "store_path": "/nix/store/bn0x7zcsmr2p4ykwb5iz1bhmxkal0fr0-gatsby-cli-5.13.3"
        },
        "x86_64-linux": {
          "outputs": [
            {
              "name": "out",
              "path": "/nix/store/w99dqxvzd5nbil59fr8c1rzmh9izmaah-gatsby-cli-5.13.3",
              "default": true
            }
          ],
          "store_path": "/nix/store/w99dqxvzd5nbil59fr8c1rzmh9izmaah-gatsby-cli-5.13.3"
        }
      }
    },
    "nodePackages.typescript-language-server@latest": {
      "last_modified": "2024-07-03T17:18:23Z",
      "resolved": "github:NixOS/nixpkgs/61684d356e41c97f80087e89659283d00fe032ab#nodePackages.typescript-language-server",
      "source": "devbox-search",
      "version": "4.3.3",
      "systems": {
        "aarch64-darwin": {
          "outputs": [
            {
              "name": "out",
              "path": "/nix/store/iq8v3vkxywnig89r1llzyca3v31r9j95-typescript-language-server-4.3.3",
              "default": true
            }
          ],
          "store_path": "/nix/store/iq8v3vkxywnig89r1llzyca3v31r9j95-typescript-language-server-4.3.3"
        },
        "aarch64-linux": {
          "outputs": [
            {
              "name": "out",
              "path": "/nix/store/bsfz81b21r52mkrf3mlmb9nggjkxlpj9-typescript-language-server-4.3.3",
              "default": true
            }
          ],
          "store_path": "/nix/store/bsfz81b21r52mkrf3mlmb9nggjkxlpj9-typescript-language-server-4.3.3"
        },
        "x86_64-darwin": {
          "outputs": [
            {
              "name": "out",
              "path": "/nix/store/xq4r8wq4n3w24n06ds06yfk74pss211p-typescript-language-server-4.3.3",
              "default": true
            }
          ],
          "store_path": "/nix/store/xq4r8wq4n3w24n06ds06yfk74pss211p-typescript-language-server-4.3.3"
        },
        "x86_64-linux": {
          "outputs": [
            {
              "name": "out",
              "path": "/nix/store/112jxvk3lsx7pjmad3l95a0r7gmgp9kd-typescript-language-server-4.3.3",
              "default": true
            }
          ],
          "store_path": "/nix/store/112jxvk3lsx7pjmad3l95a0r7gmgp9kd-typescript-language-server-4.3.3"
        }
      }
    },
    "nodejs@22": {
      "last_modified": "2024-09-10T15:01:03Z",
      "plugin_version": "0.0.2",
      "resolved": "github:NixOS/nixpkgs/5ed627539ac84809c78b2dd6d26a5cebeb5ae269#nodejs_22",
      "source": "devbox-search",
      "version": "22.8.0",
      "systems": {
        "aarch64-darwin": {
          "outputs": [
            {
              "name": "out",
              "path": "/nix/store/4r8kqr24z88m1xjbb1qf19p1mi6q35lp-nodejs-22.8.0",
              "default": true
            },
            {
              "name": "libv8",
              "path": "/nix/store/rqpibvqcpjxx26ls9kmdq1fr5yckss9l-nodejs-22.8.0-libv8"
            }
          ],
          "store_path": "/nix/store/4r8kqr24z88m1xjbb1qf19p1mi6q35lp-nodejs-22.8.0"
        },
        "aarch64-linux": {
          "outputs": [
            {
              "name": "out",
              "path": "/nix/store/1wzl2brm8p6sb5b3wsdnn02m56cq36d4-nodejs-22.8.0",
              "default": true
            },
            {
              "name": "libv8",
              "path": "/nix/store/4dwa28gc3w0gr672pcf3j4lfncymdqjf-nodejs-22.8.0-libv8"
            }
          ],
          "store_path": "/nix/store/1wzl2brm8p6sb5b3wsdnn02m56cq36d4-nodejs-22.8.0"
        },
        "x86_64-darwin": {
          "outputs": [
            {
              "name": "out",
              "path": "/nix/store/mcdq9d48r8c2j29zgr7i80vnjzwh2lc3-nodejs-22.8.0",
              "default": true
            },
            {
              "name": "libv8",
              "path": "/nix/store/16kfmgbsspjg1kpdvf9np5v2h371dh40-nodejs-22.8.0-libv8"
            }
          ],
          "store_path": "/nix/store/mcdq9d48r8c2j29zgr7i80vnjzwh2lc3-nodejs-22.8.0"
        },
        "x86_64-linux": {
          "outputs": [
            {
              "name": "out",
              "path": "/nix/store/xsrv93rg8vi05k9ig6v9mcvcyn01n6n2-nodejs-22.8.0",
              "default": true
            },
            {
              "name": "libv8",
              "path": "/nix/store/gp8fkyafy0anm5pgdcq2x3qs2fm8syhl-nodejs-22.8.0-libv8"
            }
          ],
          "store_path": "/nix/store/xsrv93rg8vi05k9ig6v9mcvcyn01n6n2-nodejs-22.8.0"
        }
      }
    }
  }
}
